
Microsoft Visual Studio Solution File, Format Version 12.00
# Visual Studio Version 17
VisualStudioVersion = 17.11.35222.181
MinimumVisualStudioVersion = 10.0.40219.1
Project("{FAE04EC0-301F-11D3-BF4B-00C04F79EFBC}") = "Employee2", "Employee2.csproj", "{87D2B72C-E8CD-4816-BC01-D80EAE8FF3DD}"
EndProject
Global
	GlobalSection(SolutionConfigurationPlatforms) = preSolution
		Debug|Any CPU = Debug|Any CPU
		Release|Any CPU = Release|Any CPU
	EndGlobalSection
	GlobalSection(ProjectConfigurationPlatforms) = postSolution
		{87D2B72C-E8CD-4816-BC01-D80EAE8FF3DD}.Debug|Any CPU.ActiveCfg = Debug|Any CPU
		{87D2B72C-E8CD-4816-BC01-D80EAE8FF3DD}.Debug|Any CPU.Build.0 = Debug|Any CPU
		{87D2B72C-E8CD-4816-BC01-D80EAE8FF3DD}.Release|Any CPU.ActiveCfg = Release|Any CPU
		{87D2B72C-E8CD-4816-BC01-D80EAE8FF3DD}.Release|Any CPU.Build.0 = Release|Any CPU
	EndGlobalSection
	GlobalSection(SolutionProperties) = preSolution
		HideSolutionNode = FALSE
	EndGlobalSection
	GlobalSection(ExtensibilityGlobals) = postSolution
		SolutionGuid = {B0EC9B8F-B3D3-4DE5-A384-F9C3FFF9DFA3}
	EndGlobalSection
EndGlobal
